[root]
name = "pikkr"
version = "0.16.1"
dependencies = [
 "fnv 1.0.5 (registry+https://github.com/rust-lang/crates.io-index)",
 "x86intrin 0.4.3 (registry+https://github.com/rust-lang/crates.io-index)",
]

[[package]]
name = "fnv"
version = "1.0.5"
source = "registry+https://github.com/rust-lang/crates.io-index"

[[package]]
name = "x86intrin"
version = "0.4.3"
source = "registry+https://github.com/rust-lang/crates.io-index"

[metadata]
"checksum fnv 1.0.5 (registry+https://github.com/rust-lang/crates.io-index)" = "6cc484842f1e2884faf56f529f960cc12ad8c71ce96cc7abba0a067c98fee344"
"checksum x86intrin 0.4.3 (registry+https://github.com/rust-lang/crates.io-index)" = "5f65e7a74c19065448f1f36de5100f947c9309244c084ded5594ddf6d588706d"
